
Microsoft Visual Studio Solution File, Format Version 12.00
# Visual Studio Version 17
VisualStudioVersion = 17.1.32421.90
MinimumVisualStudioVersion = 10.0.40219.1
Project("{9A19103F-16F7-4668-BE54-9A1E7A4F7556}") = "SomeThing", "SomeThing\SomeThing.csproj", "{7DBC35C5-5979-44AC-A634-1B2718F0EDD4}"
EndProject
Project("{9A19103F-16F7-4668-BE54-9A1E7A4F7556}") = "Algorithms", "Binary search\Algorithms.csproj", "{943C46B9-D74C-4B6E-95D3-6F515209C78C}"
EndProject
Global
	GlobalSection(SolutionConfigurationPlatforms) = preSolution
		Debug|Any CPU = Debug|Any CPU
		Release|Any CPU = Release|Any CPU
	EndGlobalSection
	GlobalSection(ProjectConfigurationPlatforms) = postSolution
		{7DBC35C5-5979-44AC-A634-1B2718F0EDD4}.Debug|Any CPU.ActiveCfg = Debug|Any CPU
		{7DBC35C5-5979-44AC-A634-1B2718F0EDD4}.Debug|Any CPU.Build.0 = Debug|Any CPU
		{7DBC35C5-5979-44AC-A634-1B2718F0EDD4}.Release|Any CPU.ActiveCfg = Release|Any CPU
		{7DBC35C5-5979-44AC-A634-1B2718F0EDD4}.Release|Any CPU.Build.0 = Release|Any CPU
		{943C46B9-D74C-4B6E-95D3-6F515209C78C}.Debug|Any CPU.ActiveCfg = Debug|Any CPU
		{943C46B9-D74C-4B6E-95D3-6F515209C78C}.Debug|Any CPU.Build.0 = Debug|Any CPU
		{943C46B9-D74C-4B6E-95D3-6F515209C78C}.Release|Any CPU.ActiveCfg = Release|Any CPU
		{943C46B9-D74C-4B6E-95D3-6F515209C78C}.Release|Any CPU.Build.0 = Release|Any CPU
	EndGlobalSection
	GlobalSection(SolutionProperties) = preSolution
		HideSolutionNode = FALSE
	EndGlobalSection
	GlobalSection(ExtensibilityGlobals) = postSolution
		SolutionGuid = {F8A2A5AA-E76D-43AE-BCC8-0090ED3DD206}
	EndGlobalSection
EndGlobal
